# THIS IS AN AUTOGENERATED FILE. DO NOT EDIT THIS FILE DIRECTLY.
# yarn lockfile v1


binpack@~0:
  version "0.1.0"
  resolved "https://registry.yarnpkg.com/binpack/-/binpack-0.1.0.tgz#bd3d0974c3f2a0446e17df4f60b55a72a205a97e"
  integrity sha1-vT0JdMPyoERuF99PYLVacqIFqX4=

moving-averages@^4.0.6:
  version "4.0.6"
  resolved "https://registry.yarnpkg.com/moving-averages/-/moving-averages-4.0.6.tgz#4978d4d9f68aef8f2b5fa028b1ec316da0cc8c95"
  integrity sha512-Jv+mH0emTFP40Q5ONsBqTfIO9NuUyK9zuW4pWbOzWJm8jEqpLBtAH2CnE2MFIuH/G9f9nDugmnDVUJaHx9jckw==

node-osc@^6.1.11:
  version "6.1.11"
  resolved "https://registry.yarnpkg.com/node-osc/-/node-osc-6.1.11.tgz#c1d0700cb74e7fe141f4f99531318b8615e38d2f"
  integrity sha512-bwFV/UKBBaSNK5pLYeA8Qx0GVc49fKRjmfMwMoypfPwb7RdhyRccW+tTNHcwr/OJ2b01uVKpnTPurSNs4fWnvw==
  dependencies:
    osc-min "^1.1.1"

osc-min@^1.1.1:
  version "1.1.2"
  resolved "https://registry.yarnpkg.com/osc-min/-/osc-min-1.1.2.tgz#3dcaff10f804c39b7080cf4c10fd7a4103cd9037"
  integrity sha512-8DbiO8ME85R75stgNVCZtHxB9MNBBNcyy+isNBXrsFeinXGjwNAauvKVmGlfRas5VJWC/mhzIx7spR2gFvWxvg==
  dependencies:
    binpack "~0"
